
Microsoft Visual Studio Solution File, Format Version 12.00
# Visual Studio Version 17
VisualStudioVersion = 17.9.34902.65
MinimumVisualStudioVersion = 10.0.40219.1
Project("{FAE04EC0-301F-11D3-BF4B-00C04F79EFBC}") = "TodoApi", "TodoApi.csproj", "{105782E8-2DF7-4F48-A144-F2530AF3B0DC}"
EndProject
Global
	GlobalSection(SolutionConfigurationPlatforms) = preSolution
		Debug|Any CPU = Debug|Any CPU
		Release|Any CPU = Release|Any CPU
	EndGlobalSection
	GlobalSection(ProjectConfigurationPlatforms) = postSolution
		{105782E8-2DF7-4F48-A144-F2530AF3B0DC}.Debug|Any CPU.ActiveCfg = Debug|Any CPU
		{105782E8-2DF7-4F48-A144-F2530AF3B0DC}.Debug|Any CPU.Build.0 = Debug|Any CPU
		{105782E8-2DF7-4F48-A144-F2530AF3B0DC}.Release|Any CPU.ActiveCfg = Release|Any CPU
		{105782E8-2DF7-4F48-A144-F2530AF3B0DC}.Release|Any CPU.Build.0 = Release|Any CPU
	EndGlobalSection
	GlobalSection(SolutionProperties) = preSolution
		HideSolutionNode = FALSE
	EndGlobalSection
	GlobalSection(ExtensibilityGlobals) = postSolution
		SolutionGuid = {4A0F8B23-6D69-466D-86AF-60E94CA6D61C}
	EndGlobalSection
EndGlobal
